// !$*UTF8*$!
{
	archiveVersion = 1;
	classes = {
	};
	objectVersion = 50;
	objects = {

/* Begin PBXBuildFile section */
		04677A34221EC13700975404 /* AppDelegate.swift in Sources */ = {isa = PBXBuildFile; fileRef = 04677A33221EC13700975404 /* AppDelegate.swift */; };
		04677A36221EC13700975404 /* ViewController.swift in Sources */ = {isa = PBXBuildFile; fileRef = 04677A35221EC13700975404 /* ViewController.swift */; };
		04677A39221EC13700975404 /* Main.storyboard in Resources */ = {isa = PBXBuildFile; fileRef = 04677A37221EC13700975404 /* Main.storyboard */; };
		04677A3B221EC13B00975404 /* Assets.xcassets in Resources */ = {isa = PBXBuildFile; fileRef = 04677A3A221EC13B00975404 /* Assets.xcassets */; };
		04677A3E221EC13B00975404 /* LaunchScreen.storyboard in Resources */ = {isa = PBXBuildFile; fileRef = 04677A3C221EC13B00975404 /* LaunchScreen.storyboard */; };
		04677A48221EC18A00975404 /* CollapsibleTableViewController.swift in Sources */ = {isa = PBXBuildFile; fileRef = 04677A47221EC18A00975404 /* CollapsibleTableViewController.swift */; };
		04677A4A221EC1AF00975404 /* CollapsibleTableViewHeader.swift in Sources */ = {isa = PBXBuildFile; fileRef = 04677A49221EC1AF00975404 /* CollapsibleTableViewHeader.swift */; };
		04677A4C221EC1E700975404 /* Extensions.swift in Sources */ = {isa = PBXBuildFile; fileRef = 04677A4B221EC1E700975404 /* Extensions.swift */; };
		04677A4E221EC20C00975404 /* CollapsibleTableViewCell.swift in Sources */ = {isa = PBXBuildFile; fileRef = 04677A4D221EC20C00975404 /* CollapsibleTableViewCell.swift */; };
		04677A50221EC21D00975404 /* ExampleData.swift in Sources */ = {isa = PBXBuildFile; fileRef = 04677A4F221EC21D00975404 /* ExampleData.swift */; };
/* End PBXBuildFile section */

/* Begin PBXFileReference section */
		04677A30221EC13700975404 /* CollapsibleTableView.app */ = {isa = PBXFileReference; explicitFileType = wrapper.application; includeInIndex = 0; path = CollapsibleTableView.app; sourceTree = BUILT_PRODUCTS_DIR; };
		04677A33221EC13700975404 /* AppDelegate.swift */ = {isa = PBXFileReference; lastKnownFileType = sourcecode.swift; path = AppDelegate.swift; sourceTree = "<group>"; };
		04677A35221EC13700975404 /* ViewController.swift */ = {isa = PBXFileReference; lastKnownFileType = sourcecode.swift; path = ViewController.swift; sourceTree = "<group>"; };
		04677A38221EC13700975404 /* Base */ = {isa = PBXFileReference; lastKnownFileType = file.storyboard; name = Base; path = Base.lproj/Main.storyboard; sourceTree = "<group>"; };
		04677A3A221EC13B00975404 /* Assets.xcassets */ = {isa = PBXFileReference; lastKnownFileType = folder.assetcatalog; path = Assets.xcassets; sourceTree = "<group>"; };
		04677A3D221EC13B00975404 /* Base */ = {isa = PBXFileReference; lastKnownFileType = file.storyboard; name = Base; path = Base.lproj/LaunchScreen.storyboard; sourceTree = "<group>"; };
		04677A3F221EC13B00975404 /* Info.plist */ = {isa = PBXFileReference; lastKnownFileType = text.plist.xml; path = Info.plist; sourceTree = "<group>"; };
		04677A47221EC18A00975404 /* CollapsibleTableViewController.swift */ = {isa = PBXFileReference; lastKnownFileType = sourcecode.swift; path = CollapsibleTableViewController.swift; sourceTree = "<group>"; };
		04677A49221EC1AF00975404 /* CollapsibleTableViewHeader.swift */ = {isa = PBXFileReference; lastKnownFileType = sourcecode.swift; path = CollapsibleTableViewHeader.swift; sourceTree = "<group>"; };
		04677A4B221EC1E700975404 /* Extensions.swift */ = {isa = PBXFileReference; lastKnownFileType = sourcecode.swift; path = Extensions.swift; sourceTree = "<group>"; };
		04677A4D221EC20C00975404 /* CollapsibleTableViewCell.swift */ = {isa = PBXFileReference; lastKnownFileType = sourcecode.swift; path = CollapsibleTableViewCell.swift; sourceTree = "<group>"; };
		04677A4F221EC21D00975404 /* ExampleData.swift */ = {isa = PBXFileReference; lastKnownFileType = sourcecode.swift; path = ExampleData.swift; sourceTree = "<group>"; };
/* End PBXFileReference section */

/* Begin PBXFrameworksBuildPhase section */
		04677A2D221EC13700975404 /* Frameworks */ = {
			isa = PBXFrameworksBuildPhase;
			buildActionMask = 2147483647;
			files = (
			);
			runOnlyForDeploymentPostprocessing = 0;
		};
/* End PBXFrameworksBuildPhase section */

/* Begin PBXGroup section */
		04677A27221EC13700975404 = {
			isa = PBXGroup;
			children = (
				04677A32221EC13700975404 /* CollapsibleTableView */,
				04677A31221EC13700975404 /* Products */,
			);
			sourceTree = "<group>";
		};
		04677A31221EC13700975404 /* Products */ = {
			isa = PBXGroup;
			children = (
				04677A30221EC13700975404 /* CollapsibleTableView.app */,
			);
			name = Products;
			sourceTree = "<group>";
		};
		04677A32221EC13700975404 /* CollapsibleTableView */ = {
			isa = PBXGroup;
			children = (
				04677A33221EC13700975404 /* AppDelegate.swift */,
				04677A35221EC13700975404 /* ViewController.swift */,
				04677A37221EC13700975404 /* Main.storyboard */,
				04677A3A221EC13B00975404 /* Assets.xcassets */,
				04677A3C221EC13B00975404 /* LaunchScreen.storyboard */,
				04677A3F221EC13B00975404 /* Info.plist */,
				04677A47221EC18A00975404 /* CollapsibleTableViewController.swift */,
				04677A49221EC1AF00975404 /* CollapsibleTableViewHeader.swift */,
				04677A4B221EC1E700975404 /* Extensions.swift */,
				04677A4D221EC20C00975404 /* CollapsibleTableViewCell.swift */,
				04677A4F221EC21D00975404 /* ExampleData.swift */,
			);
			path = CollapsibleTableView;
			sourceTree = "<group>";
		};
/* End PBXGroup section */

/* Begin PBXNativeTarget section */
		04677A2F221EC13700975404 /* CollapsibleTableView */ = {
			isa = PBXNativeTarget;
			buildConfigurationList = 04677A42221EC13B00975404 /* Build configuration list for PBXNativeTarget "CollapsibleTableView" */;
			buildPhases = (
				04677A2C221EC13700975404 /* Sources */,
				04677A2D221EC13700975404 /* Frameworks */,
				04677A2E221EC13700975404 /* Resources */,
			);
			buildRules = (
			);
			dependencies = (
			);
			name = CollapsibleTableView;
			productName = CollapsibleTableView;
			productReference = 04677A30221EC13700975404 /* CollapsibleTableView.app */;
			productType = "com.apple.product-type.application";
		};
/* End PBXNativeTarget section */

/* Begin PBXProject section */
		04677A28221EC13700975404 /* Project object */ = {
			isa = PBXProject;
			attributes = {
				LastSwiftUpdateCheck = 1010;
				LastUpgradeCheck = 1010;
				ORGANIZATIONNAME = cagdaseksi;
				TargetAttributes = {
					04677A2F221EC13700975404 = {
						CreatedOnToolsVersion = 10.1;
					};
				};
			};
			buildConfigurationList = 04677A2B221EC13700975404 /* Build configuration list for PBXProject "CollapsibleTableView" */;
			compatibilityVersion = "Xcode 9.3";
			developmentRegion = en;
			hasScannedForEncodings = 0;
			knownRegions = (
				en,
				Base,
			);
			mainGroup = 04677A27221EC13700975404;
			productRefGroup = 04677A31221EC13700975404 /* Products */;
			projectDirPath = "";
			projectRoot = "";
			targets = (
				04677A2F221EC13700975404 /* CollapsibleTableView */,
			);
		};
/* End PBXProject section */

/* Begin PBXResourcesBuildPhase section */
		04677A2E221EC13700975404 /* Resources */ = {
			isa = PBXResourcesBuildPhase;
			buildActionMask = 2147483647;
			files = (
				04677A3E221EC13B00975404 /* LaunchScreen.storyboard in Resources */,
				04677A3B221EC13B00975404 /* Assets.xcassets in Resources */,
				04677A39221EC13700975404 /* Main.storyboard in Resources */,
			);
			runOnlyForDeploymentPostprocessing = 0;
		};
/* End PBXResourcesBuildPhase section */

/* Begin PBXSourcesBuildPhase section */
		04677A2C221EC13700975404 /* Sources */ = {
			isa = PBXSourcesBuildPhase;
			buildActionMask = 2147483647;
			files = (
				04677A50221EC21D00975404 /* ExampleData.swift in Sources */,
				04677A4C221EC1E700975404 /* Extensions.swift in Sources */,
				04677A48221EC18A00975404 /* CollapsibleTableViewController.swift in Sources */,
				04677A4E221EC20C00975404 /* CollapsibleTableViewCell.swift in Sources */,
				04677A36221EC13700975404 /* ViewController.swift in Sources */,
				04677A4A221EC1AF00975404 /* CollapsibleTableViewHeader.swift in Sources */,
				04677A34221EC13700975404 /* AppDelegate.swift in Sources */,
			);
			runOnlyForDeploymentPostprocessing = 0;
		};
/* End PBXSourcesBuildPhase section */

/* Begin PBXVariantGroup section */
		04677A37221EC13700975404 /* Main.storyboard */ = {
			isa = PBXVariantGroup;
			children = (
				04677A38221EC13700975404 /* Base */,
			);
			name = Main.storyboard;
			sourceTree = "<group>";
		};
		04677A3C221EC13B00975404 /* LaunchScreen.storyboard */ = {
			isa = PBXVariantGroup;
			children = (
				04677A3D221EC13B00975404 /* Base */,
			);
			name = LaunchScreen.storyboard;
			sourceTree = "<group>";
		};
/* End PBXVariantGroup section */

/* Begin XCBuildConfiguration section */
		04677A40221EC13B00975404 /* Debug */ = {
			isa = XCBuildConfiguration;
			buildSettings = {
				ALWAYS_SEARCH_USER_PATHS = NO;
				CLANG_ANALYZER_NONNULL = YES;
				CLANG_ANALYZER_NUMBER_OBJECT_CONVERSION = YES_AGGRESSIVE;
				CLANG_CXX_LANGUAGE_STANDARD = "gnu++14";
				CLANG_CXX_LIBRARY = "libc++";
				CLANG_ENABLE_MODULES = YES;
				CLANG_ENABLE_OBJC_ARC = YES;
				CLANG_ENABLE_OBJC_WEAK = YES;
				CLANG_WARN_BLOCK_CAPTURE_AUTORELEASING = YES;
				CLANG_WARN_BOOL_CONVERSION = YES;
				CLANG_WARN_COMMA = YES;
				CLANG_WARN_CONSTANT_CONVERSION = YES;
				CLANG_WARN_DEPRECATED_OBJC_IMPLEMENTATIONS = YES;
				CLANG_WARN_DIRECT_OBJC_ISA_USAGE = YES_ERROR;
				CLANG_WARN_DOCUMENTATION_COMMENTS = YES;
				CLANG_WARN_EMPTY_BODY = YES;
				CLANG_WARN_ENUM_CONVERSION = YES;
				CLANG_WARN_INFINITE_RECURSION = YES;
				CLANG_WARN_INT_CONVERSION = YES;
				CLANG_WARN_NON_LITERAL_NULL_CONVERSION = YES;
				CLANG_WARN_OBJC_IMPLICIT_RETAIN_SELF = YES;
				CLANG_WARN_OBJC_LITERAL_CONVERSION = YES;
				CLANG_WARN_OBJC_ROOT_CLASS = YES_ERROR;
				CLANG_WARN_RANGE_LOOP_ANALYSIS = YES;
				CLANG_WARN_STRICT_PROTOTYPES = YES;
				CLANG_WARN_SUSPICIOUS_MOVE = YES;
				CLANG_WARN_UNGUARDED_AVAILABILITY = YES_AGGRESSIVE;
				CLANG_WARN_UNREACHABLE_CODE = YES;
				CLANG_WARN__DUPLICATE_METHOD_MATCH = YES;
				CODE_SIGN_IDENTITY = "iPhone Developer";
				COPY_PHASE_STRIP = NO;
				DEBUG_INFORMATION_FORMAT = dwarf;
				ENABLE_STRICT_OBJC_MSGSEND = YES;
				ENABLE_TESTABILITY = YES;
				GCC_C_LANGUAGE_STANDARD = gnu11;
				GCC_DYNAMIC_NO_PIC = NO;
				GCC_NO_COMMON_BLOCKS = YES;
				GCC_OPTIMIZATION_LEVEL = 0;
				GCC_PREPROCESSOR_DEFINITIONS = (
					"DEBUG=1",
					"$(inherited)",
				);
				GCC_WARN_64_TO_32_BIT_CONVERSION = YES;
				GCC_WARN_ABOUT_RETURN_TYPE = YES_ERROR;
				GCC_WARN_UNDECLARED_SELECTOR = YES;
				GCC_WARN_UNINITIALIZED_AUTOS = YES_AGGRESSIVE;
				GCC_WARN_UNUSED_FUNCTION = YES;
				GCC_WARN_UNUSED_VARIABLE = YES;
				IPHONEOS_DEPLOYMENT_TARGET = 12.1;
				MTL_ENABLE_DEBUG_INFO = INCLUDE_SOURCE;
				MTL_FAST_MATH = YES;
				ONLY_ACTIVE_ARCH = YES;
				SDKROOT = iphoneos;
				SWIFT_ACTIVE_COMPILATION_CONDITIONS = DEBUG;
				SWIFT_OPTIMIZATION_LEVEL = "-Onone";
			};
			name = Debug;
		};
		04677A41221EC13B00975404 /* Release */ = {
			isa = XCBuildConfiguration;
			buildSettings = {
				ALWAYS_SEARCH_USER_PATHS = NO;
				CLANG_ANALYZER_NONNULL = YES;
				CLANG_ANALYZER_NUMBER_OBJECT_CONVERSION = YES_AGGRESSIVE;
				CLANG_CXX_LANGUAGE_STANDARD = "gnu++14";
				CLANG_CXX_LIBRARY = "libc++";
				CLANG_ENABLE_MODULES = YES;
				CLANG_ENABLE_OBJC_ARC = YES;
				CLANG_ENABLE_OBJC_WEAK = YES;
				CLANG_WARN_BLOCK_CAPTURE_AUTORELEASING = YES;
				CLANG_WARN_BOOL_CONVERSION = YES;
				CLANG_WARN_COMMA = YES;
				CLANG_WARN_CONSTANT_CONVERSION = YES;
				CLANG_WARN_DEPRECATED_OBJC_IMPLEMENTATIONS = YES;
				CLANG_WARN_DIRECT_OBJC_ISA_USAGE = YES_ERROR;
				CLANG_WARN_DOCUMENTATION_COMMENTS = YES;
				CLANG_WARN_EMPTY_BODY = YES;
				CLANG_WARN_ENUM_CONVERSION = YES;
				CLANG_WARN_INFINITE_RECURSION = YES;
				CLANG_WARN_INT_CONVERSION = YES;
				CLANG_WARN_NON_LITERAL_NULL_CONVERSION = YES;
				CLANG_WARN_OBJC_IMPLICIT_RETAIN_SELF = YES;
				CLANG_WARN_OBJC_LITERAL_CONVERSION = YES;
				CLANG_WARN_OBJC_ROOT_CLASS = YES_ERROR;
				CLANG_WARN_RANGE_LOOP_ANALYSIS = YES;
				CLANG_WARN_STRICT_PROTOTYPES = YES;
				CLANG_WARN_SUSPICIOUS_MOVE = YES;
				CLANG_WARN_UNGUARDED_AVAILABILITY = YES_AGGRESSIVE;
				CLANG_WARN_UNREACHABLE_CODE = YES;
				CLANG_WARN__DUPLICATE_METHOD_MATCH = YES;
				CODE_SIGN_IDENTITY = "iPhone Developer";
				COPY_PHASE_STRIP = NO;
				DEBUG_INFORMATION_FORMAT = "dwarf-with-dsym";
				ENABLE_NS_ASSERTIONS = NO;
				ENABLE_STRICT_OBJC_MSGSEND = YES;
				GCC_C_LANGUAGE_STANDARD = gnu11;
				GCC_NO_COMMON_BLOCKS = YES;
				GCC_WARN_64_TO_32_BIT_CONVERSION = YES;
				GCC_WARN_ABOUT_RETURN_TYPE = YES_ERROR;
				GCC_WARN_UNDECLARED_SELECTOR = YES;
				GCC_WARN_UNINITIALIZED_AUTOS = YES_AGGRESSIVE;
				GCC_WARN_UNUSED_FUNCTION = YES;
				GCC_WARN_UNUSED_VARIABLE = YES;
				IPHONEOS_DEPLOYMENT_TARGET = 12.1;
				MTL_ENABLE_DEBUG_INFO = NO;
				MTL_FAST_MATH = YES;
				SDKROOT = iphoneos;
				SWIFT_COMPILATION_MODE = wholemodule;
				SWIFT_OPTIMIZATION_LEVEL = "-O";
				VALIDATE_PRODUCT = YES;
			};
			name = Release;
		};
		04677A43221EC13B00975404 /* Debug */ = {
			isa = XCBuildConfiguration;
			buildSettings = {
				ASSETCATALOG_COMPILER_APPICON_NAME = AppIcon;
				CODE_SIGN_STYLE = Automatic;
				DEVELOPMENT_TEAM = A6KE5XTLM6;
				INFOPLIST_FILE = CollapsibleTableView/Info.plist;
				LD_RUNPATH_SEARCH_PATHS = (
					"$(inherited)",
					"@executable_path/Frameworks",
				);
				PRODUCT_BUNDLE_IDENTIFIER = com.ceksi.CollapsibleTableView;
				PRODUCT_NAME = "$(TARGET_NAME)";
				SWIFT_VERSION = 4.2;
				TARGETED_DEVICE_FAMILY = "1,2";
			};
			name = Debug;
		};
		04677A44221EC13B00975404 /* Release */ = {
			isa = XCBuildConfiguration;
			buildSettings = {
				ASSETCATALOG_COMPILER_APPICON_NAME = AppIcon;
				CODE_SIGN_STYLE = Automatic;
				DEVELOPMENT_TEAM = A6KE5XTLM6;
				INFOPLIST_FILE = CollapsibleTableView/Info.plist;
				LD_RUNPATH_SEARCH_PATHS = (
					"$(inherited)",
					"@executable_path/Frameworks",
				);
				PRODUCT_BUNDLE_IDENTIFIER = com.ceksi.CollapsibleTableView;
				PRODUCT_NAME = "$(TARGET_NAME)";
				SWIFT_VERSION = 4.2;
				TARGETED_DEVICE_FAMILY = "1,2";
			};
			name = Release;
		};
/* End XCBuildConfiguration section */

/* Begin XCConfigurationList section */
		04677A2B221EC13700975404 /* Build configuration list for PBXProject "CollapsibleTableView" */ = {
			isa = XCConfigurationList;
			buildConfigurations = (
				04677A40221EC13B00975404 /* Debug */,
				04677A41221EC13B00975404 /* Release */,
			);
			defaultConfigurationIsVisible = 0;
			defaultConfigurationName = Release;
		};
		04677A42221EC13B00975404 /* Build configuration list for PBXNativeTarget "CollapsibleTableView" */ = {
			isa = XCConfigurationList;
			buildConfigurations = (
				04677A43221EC13B00975404 /* Debug */,
				04677A44221EC13B00975404 /* Release */,
			);
			defaultConfigurationIsVisible = 0;
			defaultConfigurationName = Release;
		};
/* End XCConfigurationList section */
	};
	rootObject = 04677A28221EC13700975404 /* Project object */;
}
